
Microsoft Visual Studio Solution File, Format Version 12.00
# Visual Studio Version 16
VisualStudioVersion = 16.0.31424.327
MinimumVisualStudioVersion = 10.0.40219.1
Project("{9A19103F-16F7-4668-BE54-9A1E7A4F7556}") = "DevIO.Data", "src\DevIO.Data\DevIO.Data.csproj", "{3A58D545-14CE-42F6-A252-1E697320940F}"
EndProject
Project("{9A19103F-16F7-4668-BE54-9A1E7A4F7556}") = "DevIO.Business", "src\DevIO.Business\DevIO.Business.csproj", "{4B9FBB44-1E1E-41E9-B58E-6A50EEBD9A6E}"
EndProject
Project("{FAE04EC0-301F-11D3-BF4B-00C04F79EFBC}") = "DevIO.Api", "src\DevIO.Api\DevIO.Api.csproj", "{EB38257D-0C84-429E-96E0-225A2A743AD9}"
EndProject
Global
	GlobalSection(SolutionConfigurationPlatforms) = preSolution
		Debug|Any CPU = Debug|Any CPU
		Release|Any CPU = Release|Any CPU
	EndGlobalSection
	GlobalSection(ProjectConfigurationPlatforms) = postSolution
		{3A58D545-14CE-42F6-A252-1E697320940F}.Debug|Any CPU.ActiveCfg = Debug|Any CPU
		{3A58D545-14CE-42F6-A252-1E697320940F}.Debug|Any CPU.Build.0 = Debug|Any CPU
		{3A58D545-14CE-42F6-A252-1E697320940F}.Release|Any CPU.ActiveCfg = Release|Any CPU
		{3A58D545-14CE-42F6-A252-1E697320940F}.Release|Any CPU.Build.0 = Release|Any CPU
		{4B9FBB44-1E1E-41E9-B58E-6A50EEBD9A6E}.Debug|Any CPU.ActiveCfg = Debug|Any CPU
		{4B9FBB44-1E1E-41E9-B58E-6A50EEBD9A6E}.Debug|Any CPU.Build.0 = Debug|Any CPU
		{4B9FBB44-1E1E-41E9-B58E-6A50EEBD9A6E}.Release|Any CPU.ActiveCfg = Release|Any CPU
		{4B9FBB44-1E1E-41E9-B58E-6A50EEBD9A6E}.Release|Any CPU.Build.0 = Release|Any CPU
		{EB38257D-0C84-429E-96E0-225A2A743AD9}.Debug|Any CPU.ActiveCfg = Debug|Any CPU
		{EB38257D-0C84-429E-96E0-225A2A743AD9}.Debug|Any CPU.Build.0 = Debug|Any CPU
		{EB38257D-0C84-429E-96E0-225A2A743AD9}.Release|Any CPU.ActiveCfg = Release|Any CPU
		{EB38257D-0C84-429E-96E0-225A2A743AD9}.Release|Any CPU.Build.0 = Release|Any CPU
	EndGlobalSection
	GlobalSection(SolutionProperties) = preSolution
		HideSolutionNode = FALSE
	EndGlobalSection
	GlobalSection(ExtensibilityGlobals) = postSolution
		SolutionGuid = {A35974A2-1785-49F0-AC2D-00E00E55C8D3}
	EndGlobalSection
EndGlobal
