
Microsoft Visual Studio Solution File, Format Version 12.00
# Visual Studio Version 16
VisualStudioVersion = 16.0.31424.327
MinimumVisualStudioVersion = 10.0.40219.1
Project("{9A19103F-16F7-4668-BE54-9A1E7A4F7556}") = "DevIO.Business", "src\DevIO.Business\DevIO.Business.csproj", "{4EFD7783-4ADD-472F-8C4D-BF6C83C73EAF}"
EndProject
Project("{9A19103F-16F7-4668-BE54-9A1E7A4F7556}") = "DevIO.Data", "src\DevIO.Data\DevIO.Data.csproj", "{77B0FB2E-FF8A-47CD-9D53-529925C33D9E}"
EndProject
Project("{FAE04EC0-301F-11D3-BF4B-00C04F79EFBC}") = "DevIO.Api", "src\DevIO.Api\DevIO.Api.csproj", "{D2D2179E-4FD0-4B98-9AF1-350066C4A592}"
EndProject
Global
	GlobalSection(SolutionConfigurationPlatforms) = preSolution
		Debug|Any CPU = Debug|Any CPU
		Release|Any CPU = Release|Any CPU
	EndGlobalSection
	GlobalSection(ProjectConfigurationPlatforms) = postSolution
		{4EFD7783-4ADD-472F-8C4D-BF6C83C73EAF}.Debug|Any CPU.ActiveCfg = Debug|Any CPU
		{4EFD7783-4ADD-472F-8C4D-BF6C83C73EAF}.Debug|Any CPU.Build.0 = Debug|Any CPU
		{4EFD7783-4ADD-472F-8C4D-BF6C83C73EAF}.Release|Any CPU.ActiveCfg = Release|Any CPU
		{4EFD7783-4ADD-472F-8C4D-BF6C83C73EAF}.Release|Any CPU.Build.0 = Release|Any CPU
		{77B0FB2E-FF8A-47CD-9D53-529925C33D9E}.Debug|Any CPU.ActiveCfg = Debug|Any CPU
		{77B0FB2E-FF8A-47CD-9D53-529925C33D9E}.Debug|Any CPU.Build.0 = Debug|Any CPU
		{77B0FB2E-FF8A-47CD-9D53-529925C33D9E}.Release|Any CPU.ActiveCfg = Release|Any CPU
		{77B0FB2E-FF8A-47CD-9D53-529925C33D9E}.Release|Any CPU.Build.0 = Release|Any CPU
		{D2D2179E-4FD0-4B98-9AF1-350066C4A592}.Debug|Any CPU.ActiveCfg = Debug|Any CPU
		{D2D2179E-4FD0-4B98-9AF1-350066C4A592}.Debug|Any CPU.Build.0 = Debug|Any CPU
		{D2D2179E-4FD0-4B98-9AF1-350066C4A592}.Release|Any CPU.ActiveCfg = Release|Any CPU
		{D2D2179E-4FD0-4B98-9AF1-350066C4A592}.Release|Any CPU.Build.0 = Release|Any CPU
	EndGlobalSection
	GlobalSection(SolutionProperties) = preSolution
		HideSolutionNode = FALSE
	EndGlobalSection
	GlobalSection(ExtensibilityGlobals) = postSolution
		SolutionGuid = {6CEC8C9C-E7A6-4727-A2D2-7007D3A71B00}
	EndGlobalSection
EndGlobal
